
Microsoft Visual Studio Solution File, Format Version 12.00
# Visual Studio Version 16
VisualStudioVersion = 16.0.30011.22
MinimumVisualStudioVersion = 10.0.40219.1
Project("{FAE04EC0-301F-11D3-BF4B-00C04F79EFBC}") = "webappservice", "webappservice.csproj", "{BF4B5A5A-C86B-40F1-9EBE-A0D57D06BF97}"
EndProject
Global
	GlobalSection(SolutionConfigurationPlatforms) = preSolution
		Debug|Any CPU = Debug|Any CPU
		Release|Any CPU = Release|Any CPU
	EndGlobalSection
	GlobalSection(ProjectConfigurationPlatforms) = postSolution
		{BF4B5A5A-C86B-40F1-9EBE-A0D57D06BF97}.Debug|Any CPU.ActiveCfg = Debug|Any CPU
		{BF4B5A5A-C86B-40F1-9EBE-A0D57D06BF97}.Debug|Any CPU.Build.0 = Debug|Any CPU
		{BF4B5A5A-C86B-40F1-9EBE-A0D57D06BF97}.Release|Any CPU.ActiveCfg = Release|Any CPU
		{BF4B5A5A-C86B-40F1-9EBE-A0D57D06BF97}.Release|Any CPU.Build.0 = Release|Any CPU
	EndGlobalSection
	GlobalSection(SolutionProperties) = preSolution
		HideSolutionNode = FALSE
	EndGlobalSection
	GlobalSection(ExtensibilityGlobals) = postSolution
		SolutionGuid = {75E2EEE5-2F50-46A9-AF46-398134629ADF}
	EndGlobalSection
EndGlobal
